
Microsoft Visual Studio Solution File, Format Version 12.00
# Visual Studio Version 17
VisualStudioVersion = 17.1.32228.430
MinimumVisualStudioVersion = 10.0.40219.1
Project("{FAE04EC0-301F-11D3-BF4B-00C04F79EFBC}") = "App.Android", "App\App.Android\App.Android.csproj", "{D2A2372A-9A80-410D-A8AB-792C5859CF44}"
EndProject
Project("{FAE04EC0-301F-11D3-BF4B-00C04F79EFBC}") = "App.iOS", "App\App.iOS\App.iOS.csproj", "{4D59A78D-413A-4C3B-BAFA-197611746669}"
EndProject
Project("{FAE04EC0-301F-11D3-BF4B-00C04F79EFBC}") = "App", "App\App\App.csproj", "{70AB84EB-B8C5-44FC-ADE8-7BA6719B2F35}"
EndProject
Global
	GlobalSection(SolutionConfigurationPlatforms) = preSolution
		Debug|Any CPU = Debug|Any CPU
		Debug|iPhone = Debug|iPhone
		Debug|iPhoneSimulator = Debug|iPhoneSimulator
		Release|Any CPU = Release|Any CPU
		Release|iPhone = Release|iPhone
		Release|iPhoneSimulator = Release|iPhoneSimulator
	EndGlobalSection
	GlobalSection(ProjectConfigurationPlatforms) = postSolution
		{D2A2372A-9A80-410D-A8AB-792C5859CF44}.Debug|Any CPU.ActiveCfg = Debug|Any CPU
		{D2A2372A-9A80-410D-A8AB-792C5859CF44}.Debug|Any CPU.Build.0 = Debug|Any CPU
		{D2A2372A-9A80-410D-A8AB-792C5859CF44}.Debug|Any CPU.Deploy.0 = Debug|Any CPU
		{D2A2372A-9A80-410D-A8AB-792C5859CF44}.Debug|iPhone.ActiveCfg = Debug|Any CPU
		{D2A2372A-9A80-410D-A8AB-792C5859CF44}.Debug|iPhone.Build.0 = Debug|Any CPU
		{D2A2372A-9A80-410D-A8AB-792C5859CF44}.Debug|iPhone.Deploy.0 = Debug|Any CPU
		{D2A2372A-9A80-410D-A8AB-792C5859CF44}.Debug|iPhoneSimulator.ActiveCfg = Debug|Any CPU
		{D2A2372A-9A80-410D-A8AB-792C5859CF44}.Debug|iPhoneSimulator.Build.0 = Debug|Any CPU
		{D2A2372A-9A80-410D-A8AB-792C5859CF44}.Debug|iPhoneSimulator.Deploy.0 = Debug|Any CPU
		{D2A2372A-9A80-410D-A8AB-792C5859CF44}.Release|Any CPU.ActiveCfg = Release|Any CPU
		{D2A2372A-9A80-410D-A8AB-792C5859CF44}.Release|Any CPU.Build.0 = Release|Any CPU
		{D2A2372A-9A80-410D-A8AB-792C5859CF44}.Release|Any CPU.Deploy.0 = Release|Any CPU
		{D2A2372A-9A80-410D-A8AB-792C5859CF44}.Release|iPhone.ActiveCfg = Release|Any CPU
		{D2A2372A-9A80-410D-A8AB-792C5859CF44}.Release|iPhone.Build.0 = Release|Any CPU
		{D2A2372A-9A80-410D-A8AB-792C5859CF44}.Release|iPhone.Deploy.0 = Release|Any CPU
		{D2A2372A-9A80-410D-A8AB-792C5859CF44}.Release|iPhoneSimulator.ActiveCfg = Release|Any CPU
		{D2A2372A-9A80-410D-A8AB-792C5859CF44}.Release|iPhoneSimulator.Build.0 = Release|Any CPU
		{D2A2372A-9A80-410D-A8AB-792C5859CF44}.Release|iPhoneSimulator.Deploy.0 = Release|Any CPU
		{4D59A78D-413A-4C3B-BAFA-197611746669}.Debug|Any CPU.ActiveCfg = Debug|iPhone
		{4D59A78D-413A-4C3B-BAFA-197611746669}.Debug|Any CPU.Build.0 = Debug|iPhone
		{4D59A78D-413A-4C3B-BAFA-197611746669}.Debug|Any CPU.Deploy.0 = Debug|iPhone
		{4D59A78D-413A-4C3B-BAFA-197611746669}.Debug|iPhone.ActiveCfg = Debug|iPhone
		{4D59A78D-413A-4C3B-BAFA-197611746669}.Debug|iPhone.Build.0 = Debug|iPhone
		{4D59A78D-413A-4C3B-BAFA-197611746669}.Debug|iPhone.Deploy.0 = Debug|iPhone
		{4D59A78D-413A-4C3B-BAFA-197611746669}.Debug|iPhoneSimulator.ActiveCfg = Debug|iPhoneSimulator
		{4D59A78D-413A-4C3B-BAFA-197611746669}.Debug|iPhoneSimulator.Build.0 = Debug|iPhoneSimulator
		{4D59A78D-413A-4C3B-BAFA-197611746669}.Debug|iPhoneSimulator.Deploy.0 = Debug|iPhoneSimulator
		{4D59A78D-413A-4C3B-BAFA-197611746669}.Release|Any CPU.ActiveCfg = Release|iPhoneSimulator
		{4D59A78D-413A-4C3B-BAFA-197611746669}.Release|Any CPU.Build.0 = Release|iPhoneSimulator
		{4D59A78D-413A-4C3B-BAFA-197611746669}.Release|Any CPU.Deploy.0 = Release|iPhoneSimulator
		{4D59A78D-413A-4C3B-BAFA-197611746669}.Release|iPhone.ActiveCfg = Release|iPhone
		{4D59A78D-413A-4C3B-BAFA-197611746669}.Release|iPhone.Build.0 = Release|iPhone
		{4D59A78D-413A-4C3B-BAFA-197611746669}.Release|iPhone.Deploy.0 = Release|iPhone
		{4D59A78D-413A-4C3B-BAFA-197611746669}.Release|iPhoneSimulator.ActiveCfg = Release|iPhoneSimulator
		{4D59A78D-413A-4C3B-BAFA-197611746669}.Release|iPhoneSimulator.Build.0 = Release|iPhoneSimulator
		{4D59A78D-413A-4C3B-BAFA-197611746669}.Release|iPhoneSimulator.Deploy.0 = Release|iPhoneSimulator
		{70AB84EB-B8C5-44FC-ADE8-7BA6719B2F35}.Debug|Any CPU.ActiveCfg = Debug|Any CPU
		{70AB84EB-B8C5-44FC-ADE8-7BA6719B2F35}.Debug|Any CPU.Build.0 = Debug|Any CPU
		{70AB84EB-B8C5-44FC-ADE8-7BA6719B2F35}.Debug|Any CPU.Deploy.0 = Debug|Any CPU
		{70AB84EB-B8C5-44FC-ADE8-7BA6719B2F35}.Debug|iPhone.ActiveCfg = Debug|Any CPU
		{70AB84EB-B8C5-44FC-ADE8-7BA6719B2F35}.Debug|iPhone.Build.0 = Debug|Any CPU
		{70AB84EB-B8C5-44FC-ADE8-7BA6719B2F35}.Debug|iPhone.Deploy.0 = Debug|Any CPU
		{70AB84EB-B8C5-44FC-ADE8-7BA6719B2F35}.Debug|iPhoneSimulator.ActiveCfg = Debug|Any CPU
		{70AB84EB-B8C5-44FC-ADE8-7BA6719B2F35}.Debug|iPhoneSimulator.Build.0 = Debug|Any CPU
		{70AB84EB-B8C5-44FC-ADE8-7BA6719B2F35}.Debug|iPhoneSimulator.Deploy.0 = Debug|Any CPU
		{70AB84EB-B8C5-44FC-ADE8-7BA6719B2F35}.Release|Any CPU.ActiveCfg = Release|Any CPU
		{70AB84EB-B8C5-44FC-ADE8-7BA6719B2F35}.Release|Any CPU.Build.0 = Release|Any CPU
		{70AB84EB-B8C5-44FC-ADE8-7BA6719B2F35}.Release|Any CPU.Deploy.0 = Release|Any CPU
		{70AB84EB-B8C5-44FC-ADE8-7BA6719B2F35}.Release|iPhone.ActiveCfg = Release|Any CPU
		{70AB84EB-B8C5-44FC-ADE8-7BA6719B2F35}.Release|iPhone.Build.0 = Release|Any CPU
		{70AB84EB-B8C5-44FC-ADE8-7BA6719B2F35}.Release|iPhone.Deploy.0 = Release|Any CPU
		{70AB84EB-B8C5-44FC-ADE8-7BA6719B2F35}.Release|iPhoneSimulator.ActiveCfg = Release|Any CPU
		{70AB84EB-B8C5-44FC-ADE8-7BA6719B2F35}.Release|iPhoneSimulator.Build.0 = Release|Any CPU
		{70AB84EB-B8C5-44FC-ADE8-7BA6719B2F35}.Release|iPhoneSimulator.Deploy.0 = Release|Any CPU
	EndGlobalSection
	GlobalSection(SolutionProperties) = preSolution
		HideSolutionNode = FALSE
	EndGlobalSection
	GlobalSection(ExtensibilityGlobals) = postSolution
		SolutionGuid = {18D4E8EA-D5E7-45A1-B288-3C5B17AC435C}
	EndGlobalSection
EndGlobal
